// !$*UTF8*$!
{
	archiveVersion = 1;
	classes = {
	};
	objectVersion = 46;
	objects = {

/* Begin PBXBuildFile section */
		5D4ECCDC1D52DE350051BB93 /* PhotoAlbumViewController.swift in Sources */ = {isa = PBXBuildFile; fileRef = 5D4ECCDB1D52DE350051BB93 /* PhotoAlbumViewController.swift */; };
		5DFBD50E1D50D6C9000B6816 /* AppDelegate.swift in Sources */ = {isa = PBXBuildFile; fileRef = 5DFBD50D1D50D6C9000B6816 /* AppDelegate.swift */; };
		5DFBD5101D50D6C9000B6816 /* MapViewController.swift in Sources */ = {isa = PBXBuildFile; fileRef = 5DFBD50F1D50D6C9000B6816 /* MapViewController.swift */; };
		5DFBD5131D50D6C9000B6816 /* Main.storyboard in Resources */ = {isa = PBXBuildFile; fileRef = 5DFBD5111D50D6C9000B6816 /* Main.storyboard */; };
		5DFBD5151D50D6C9000B6816 /* Assets.xcassets in Resources */ = {isa = PBXBuildFile; fileRef = 5DFBD5141D50D6C9000B6816 /* Assets.xcassets */; };
		5DFBD5181D50D6C9000B6816 /* LaunchScreen.storyboard in Resources */ = {isa = PBXBuildFile; fileRef = 5DFBD5161D50D6C9000B6816 /* LaunchScreen.storyboard */; };
/* End PBXBuildFile section */

/* Begin PBXFileReference section */
		5D4ECCDB1D52DE350051BB93 /* PhotoAlbumViewController.swift */ = {isa = PBXFileReference; fileEncoding = 4; lastKnownFileType = sourcecode.swift; path = PhotoAlbumViewController.swift; sourceTree = "<group>"; };
		5DFBD50A1D50D6C9000B6816 /* VirtualTourist.app */ = {isa = PBXFileReference; explicitFileType = wrapper.application; includeInIndex = 0; path = VirtualTourist.app; sourceTree = BUILT_PRODUCTS_DIR; };
		5DFBD50D1D50D6C9000B6816 /* AppDelegate.swift */ = {isa = PBXFileReference; lastKnownFileType = sourcecode.swift; path = AppDelegate.swift; sourceTree = "<group>"; };
		5DFBD50F1D50D6C9000B6816 /* MapViewController.swift */ = {isa = PBXFileReference; lastKnownFileType = sourcecode.swift; path = MapViewController.swift; sourceTree = "<group>"; };
		5DFBD5121D50D6C9000B6816 /* Base */ = {isa = PBXFileReference; lastKnownFileType = file.storyboard; name = Base; path = Base.lproj/Main.storyboard; sourceTree = "<group>"; };
		5DFBD5141D50D6C9000B6816 /* Assets.xcassets */ = {isa = PBXFileReference; lastKnownFileType = folder.assetcatalog; path = Assets.xcassets; sourceTree = "<group>"; };
		5DFBD5171D50D6C9000B6816 /* Base */ = {isa = PBXFileReference; lastKnownFileType = file.storyboard; name = Base; path = Base.lproj/LaunchScreen.storyboard; sourceTree = "<group>"; };
		5DFBD5191D50D6C9000B6816 /* Info.plist */ = {isa = PBXFileReference; lastKnownFileType = text.plist.xml; path = Info.plist; sourceTree = "<group>"; };
/* End PBXFileReference section */

/* Begin PBXFrameworksBuildPhase section */
		5DFBD5071D50D6C9000B6816 /* Frameworks */ = {
			isa = PBXFrameworksBuildPhase;
			buildActionMask = 2147483647;
			files = (
			);
			runOnlyForDeploymentPostprocessing = 0;
		};
/* End PBXFrameworksBuildPhase section */

/* Begin PBXGroup section */
		5DFBD5011D50D6C9000B6816 = {
			isa = PBXGroup;
			children = (
				5DFBD50C1D50D6C9000B6816 /* VirtualTourist */,
				5DFBD50B1D50D6C9000B6816 /* Products */,
			);
			sourceTree = "<group>";
		};
		5DFBD50B1D50D6C9000B6816 /* Products */ = {
			isa = PBXGroup;
			children = (
				5DFBD50A1D50D6C9000B6816 /* VirtualTourist.app */,
			);
			name = Products;
			sourceTree = "<group>";
		};
		5DFBD50C1D50D6C9000B6816 /* VirtualTourist */ = {
			isa = PBXGroup;
			children = (
				5DFBD50D1D50D6C9000B6816 /* AppDelegate.swift */,
				5DFBD5211D50DB22000B6816 /* Controllers */,
				5DFBD5201D50DB04000B6816 /* Assets */,
				5DFBD51F1D50DAF3000B6816 /* Supporting Files */,
			);
			path = VirtualTourist;
			sourceTree = "<group>";
		};
		5DFBD51F1D50DAF3000B6816 /* Supporting Files */ = {
			isa = PBXGroup;
			children = (
				5DFBD5191D50D6C9000B6816 /* Info.plist */,
			);
			name = "Supporting Files";
			sourceTree = "<group>";
		};
		5DFBD5201D50DB04000B6816 /* Assets */ = {
			isa = PBXGroup;
			children = (
				5DFBD5111D50D6C9000B6816 /* Main.storyboard */,
				5DFBD5141D50D6C9000B6816 /* Assets.xcassets */,
				5DFBD5161D50D6C9000B6816 /* LaunchScreen.storyboard */,
			);
			name = Assets;
			sourceTree = "<group>";
		};
		5DFBD5211D50DB22000B6816 /* Controllers */ = {
			isa = PBXGroup;
			children = (
				5DFBD50F1D50D6C9000B6816 /* MapViewController.swift */,
				5D4ECCDB1D52DE350051BB93 /* PhotoAlbumViewController.swift */,
			);
			name = Controllers;
			sourceTree = "<group>";
		};
/* End PBXGroup section */

/* Begin PBXNativeTarget section */
		5DFBD5091D50D6C9000B6816 /* VirtualTourist */ = {
			isa = PBXNativeTarget;
			buildConfigurationList = 5DFBD51C1D50D6C9000B6816 /* Build configuration list for PBXNativeTarget "VirtualTourist" */;
			buildPhases = (
				5DFBD5061D50D6C9000B6816 /* Sources */,
				5DFBD5071D50D6C9000B6816 /* Frameworks */,
				5DFBD5081D50D6C9000B6816 /* Resources */,
			);
			buildRules = (
			);
			dependencies = (
			);
			name = VirtualTourist;
			productName = VirtualTourist;
			productReference = 5DFBD50A1D50D6C9000B6816 /* VirtualTourist.app */;
			productType = "com.apple.product-type.application";
		};
/* End PBXNativeTarget section */

/* Begin PBXProject section */
		5DFBD5021D50D6C9000B6816 /* Project object */ = {
			isa = PBXProject;
			attributes = {
				LastSwiftUpdateCheck = 0730;
				LastUpgradeCheck = 0730;
				ORGANIZATIONNAME = "Iavor Dekov";
				TargetAttributes = {
					5DFBD5091D50D6C9000B6816 = {
						CreatedOnToolsVersion = 7.3.1;
					};
				};
			};
			buildConfigurationList = 5DFBD5051D50D6C9000B6816 /* Build configuration list for PBXProject "VirtualTourist" */;
			compatibilityVersion = "Xcode 3.2";
			developmentRegion = English;
			hasScannedForEncodings = 0;
			knownRegions = (
				en,
				Base,
			);
			mainGroup = 5DFBD5011D50D6C9000B6816;
			productRefGroup = 5DFBD50B1D50D6C9000B6816 /* Products */;
			projectDirPath = "";
			projectRoot = "";
			targets = (
				5DFBD5091D50D6C9000B6816 /* VirtualTourist */,
			);
		};
/* End PBXProject section */

/* Begin PBXResourcesBuildPhase section */
		5DFBD5081D50D6C9000B6816 /* Resources */ = {
			isa = PBXResourcesBuildPhase;
			buildActionMask = 2147483647;
			files = (
				5DFBD5181D50D6C9000B6816 /* LaunchScreen.storyboard in Resources */,
				5DFBD5151D50D6C9000B6816 /* Assets.xcassets in Resources */,
				5DFBD5131D50D6C9000B6816 /* Main.storyboard in Resources */,
			);
			runOnlyForDeploymentPostprocessing = 0;
		};
/* End PBXResourcesBuildPhase section */

/* Begin PBXSourcesBuildPhase section */
		5DFBD5061D50D6C9000B6816 /* Sources */ = {
			isa = PBXSourcesBuildPhase;
			buildActionMask = 2147483647;
			files = (
				5DFBD5101D50D6C9000B6816 /* MapViewController.swift in Sources */,
				5DFBD50E1D50D6C9000B6816 /* AppDelegate.swift in Sources */,
				5D4ECCDC1D52DE350051BB93 /* PhotoAlbumViewController.swift in Sources */,
			);
			runOnlyForDeploymentPostprocessing = 0;
		};
/* End PBXSourcesBuildPhase section */

/* Begin PBXVariantGroup section */
		5DFBD5111D50D6C9000B6816 /* Main.storyboard */ = {
			isa = PBXVariantGroup;
			children = (
				5DFBD5121D50D6C9000B6816 /* Base */,
			);
			name = Main.storyboard;
			sourceTree = "<group>";
		};
		5DFBD5161D50D6C9000B6816 /* LaunchScreen.storyboard */ = {
			isa = PBXVariantGroup;
			children = (
				5DFBD5171D50D6C9000B6816 /* Base */,
			);
			name = LaunchScreen.storyboard;
			sourceTree = "<group>";
		};
/* End PBXVariantGroup section */

/* Begin XCBuildConfiguration section */
		5DFBD51A1D50D6C9000B6816 /* Debug */ = {
			isa = XCBuildConfiguration;
			buildSettings = {
				ALWAYS_SEARCH_USER_PATHS = NO;
				CLANG_ANALYZER_NONNULL = YES;
				CLANG_CXX_LANGUAGE_STANDARD = "gnu++0x";
				CLANG_CXX_LIBRARY = "libc++";
				CLANG_ENABLE_MODULES = YES;
				CLANG_ENABLE_OBJC_ARC = YES;
				CLANG_WARN_BOOL_CONVERSION = YES;
				CLANG_WARN_CONSTANT_CONVERSION = YES;
				CLANG_WARN_DIRECT_OBJC_ISA_USAGE = YES_ERROR;
				CLANG_WARN_EMPTY_BODY = YES;
				CLANG_WARN_ENUM_CONVERSION = YES;
				CLANG_WARN_INT_CONVERSION = YES;
				CLANG_WARN_OBJC_ROOT_CLASS = YES_ERROR;
				CLANG_WARN_UNREACHABLE_CODE = YES;
				CLANG_WARN__DUPLICATE_METHOD_MATCH = YES;
				"CODE_SIGN_IDENTITY[sdk=iphoneos*]" = "iPhone Developer";
				COPY_PHASE_STRIP = NO;
				DEBUG_INFORMATION_FORMAT = dwarf;
				ENABLE_STRICT_OBJC_MSGSEND = YES;
				ENABLE_TESTABILITY = YES;
				GCC_C_LANGUAGE_STANDARD = gnu99;
				GCC_DYNAMIC_NO_PIC = NO;
				GCC_NO_COMMON_BLOCKS = YES;
				GCC_OPTIMIZATION_LEVEL = 0;
				GCC_PREPROCESSOR_DEFINITIONS = (
					"DEBUG=1",
					"$(inherited)",
				);
				GCC_WARN_64_TO_32_BIT_CONVERSION = YES;
				GCC_WARN_ABOUT_RETURN_TYPE = YES_ERROR;
				GCC_WARN_UNDECLARED_SELECTOR = YES;
				GCC_WARN_UNINITIALIZED_AUTOS = YES_AGGRESSIVE;
				GCC_WARN_UNUSED_FUNCTION = YES;
				GCC_WARN_UNUSED_VARIABLE = YES;
				IPHONEOS_DEPLOYMENT_TARGET = 9.3;
				MTL_ENABLE_DEBUG_INFO = YES;
				ONLY_ACTIVE_ARCH = YES;
				SDKROOT = iphoneos;
				SWIFT_OPTIMIZATION_LEVEL = "-Onone";
				TARGETED_DEVICE_FAMILY = "1,2";
			};
			name = Debug;
		};
		5DFBD51B1D50D6C9000B6816 /* Release */ = {
			isa = XCBuildConfiguration;
			buildSettings = {
				ALWAYS_SEARCH_USER_PATHS = NO;
				CLANG_ANALYZER_NONNULL = YES;
				CLANG_CXX_LANGUAGE_STANDARD = "gnu++0x";
				CLANG_CXX_LIBRARY = "libc++";
				CLANG_ENABLE_MODULES = YES;
				CLANG_ENABLE_OBJC_ARC = YES;
				CLANG_WARN_BOOL_CONVERSION = YES;
				CLANG_WARN_CONSTANT_CONVERSION = YES;
				CLANG_WARN_DIRECT_OBJC_ISA_USAGE = YES_ERROR;
				CLANG_WARN_EMPTY_BODY = YES;
				CLANG_WARN_ENUM_CONVERSION = YES;
				CLANG_WARN_INT_CONVERSION = YES;
				CLANG_WARN_OBJC_ROOT_CLASS = YES_ERROR;
				CLANG_WARN_UNREACHABLE_CODE = YES;
				CLANG_WARN__DUPLICATE_METHOD_MATCH = YES;
				"CODE_SIGN_IDENTITY[sdk=iphoneos*]" = "iPhone Developer";
				COPY_PHASE_STRIP = NO;
				DEBUG_INFORMATION_FORMAT = "dwarf-with-dsym";
				ENABLE_NS_ASSERTIONS = NO;
				ENABLE_STRICT_OBJC_MSGSEND = YES;
				GCC_C_LANGUAGE_STANDARD = gnu99;
				GCC_NO_COMMON_BLOCKS = YES;
				GCC_WARN_64_TO_32_BIT_CONVERSION = YES;
				GCC_WARN_ABOUT_RETURN_TYPE = YES_ERROR;
				GCC_WARN_UNDECLARED_SELECTOR = YES;
				GCC_WARN_UNINITIALIZED_AUTOS = YES_AGGRESSIVE;
				GCC_WARN_UNUSED_FUNCTION = YES;
				GCC_WARN_UNUSED_VARIABLE = YES;
				IPHONEOS_DEPLOYMENT_TARGET = 9.3;
				MTL_ENABLE_DEBUG_INFO = NO;
				SDKROOT = iphoneos;
				TARGETED_DEVICE_FAMILY = "1,2";
				VALIDATE_PRODUCT = YES;
			};
			name = Release;
		};
		5DFBD51D1D50D6C9000B6816 /* Debug */ = {
			isa = XCBuildConfiguration;
			buildSettings = {
				ASSETCATALOG_COMPILER_APPICON_NAME = AppIcon;
				INFOPLIST_FILE = VirtualTourist/Info.plist;
				LD_RUNPATH_SEARCH_PATHS = "$(inherited) @executable_path/Frameworks";
				PRODUCT_BUNDLE_IDENTIFIER = iavordekov.VirtualTourist;
				PRODUCT_NAME = "$(TARGET_NAME)";
			};
			name = Debug;
		};
		5DFBD51E1D50D6C9000B6816 /* Release */ = {
			isa = XCBuildConfiguration;
			buildSettings = {
				ASSETCATALOG_COMPILER_APPICON_NAME = AppIcon;
				INFOPLIST_FILE = VirtualTourist/Info.plist;
				LD_RUNPATH_SEARCH_PATHS = "$(inherited) @executable_path/Frameworks";
				PRODUCT_BUNDLE_IDENTIFIER = iavordekov.VirtualTourist;
				PRODUCT_NAME = "$(TARGET_NAME)";
			};
			name = Release;
		};
/* End XCBuildConfiguration section */

/* Begin XCConfigurationList section */
		5DFBD5051D50D6C9000B6816 /* Build configuration list for PBXProject "VirtualTourist" */ = {
			isa = XCConfigurationList;
			buildConfigurations = (
				5DFBD51A1D50D6C9000B6816 /* Debug */,
				5DFBD51B1D50D6C9000B6816 /* Release */,
			);
			defaultConfigurationIsVisible = 0;
			defaultConfigurationName = Release;
		};
		5DFBD51C1D50D6C9000B6816 /* Build configuration list for PBXNativeTarget "VirtualTourist" */ = {
			isa = XCConfigurationList;
			buildConfigurations = (
				5DFBD51D1D50D6C9000B6816 /* Debug */,
				5DFBD51E1D50D6C9000B6816 /* Release */,
			);
			defaultConfigurationIsVisible = 0;
			defaultConfigurationName = Release;
		};
/* End XCConfigurationList section */
	};
	rootObject = 5DFBD5021D50D6C9000B6816 /* Project object */;
}
